// !$*UTF8*$!
{
	archiveVersion = 1;
	classes = {
	};
	objectVersion = 50;
	objects = {

/* Begin PBXBuildFile section */
		18439C1E2253A36300FD85F1 /* AppDelegate.swift in Sources */ = {isa = PBXBuildFile; fileRef = 18439C1D2253A36300FD85F1 /* AppDelegate.swift */; };
		18439C202253A36300FD85F1 /* ViewController.swift in Sources */ = {isa = PBXBuildFile; fileRef = 18439C1F2253A36300FD85F1 /* ViewController.swift */; };
		18439C232253A36300FD85F1 /* Main.storyboard in Resources */ = {isa = PBXBuildFile; fileRef = 18439C212253A36300FD85F1 /* Main.storyboard */; };
		18439C252253A36500FD85F1 /* Assets.xcassets in Resources */ = {isa = PBXBuildFile; fileRef = 18439C242253A36500FD85F1 /* Assets.xcassets */; };
		18439C282253A36500FD85F1 /* LaunchScreen.storyboard in Resources */ = {isa = PBXBuildFile; fileRef = 18439C262253A36500FD85F1 /* LaunchScreen.storyboard */; };
		18439C332253A36500FD85F1 /* Apple_PieTests.swift in Sources */ = {isa = PBXBuildFile; fileRef = 18439C322253A36500FD85F1 /* Apple_PieTests.swift */; };
		18439C3E2253A36500FD85F1 /* Apple_PieUITests.swift in Sources */ = {isa = PBXBuildFile; fileRef = 18439C3D2253A36500FD85F1 /* Apple_PieUITests.swift */; };
		18AE23152257C82B00FF1B02 /* Game.swift in Sources */ = {isa = PBXBuildFile; fileRef = 18AE23142257C82B00FF1B02 /* Game.swift */; };
/* End PBXBuildFile section */

/* Begin PBXContainerItemProxy section */
		18439C2F2253A36500FD85F1 /* PBXContainerItemProxy */ = {
			isa = PBXContainerItemProxy;
			containerPortal = 18439C122253A36300FD85F1 /* Project object */;
			proxyType = 1;
			remoteGlobalIDString = 18439C192253A36300FD85F1;
			remoteInfo = "Apple Pie";
		};
		18439C3A2253A36500FD85F1 /* PBXContainerItemProxy */ = {
			isa = PBXContainerItemProxy;
			containerPortal = 18439C122253A36300FD85F1 /* Project object */;
			proxyType = 1;
			remoteGlobalIDString = 18439C192253A36300FD85F1;
			remoteInfo = "Apple Pie";
		};
/* End PBXContainerItemProxy section */

/* Begin PBXFileReference section */
		18439C1A2253A36300FD85F1 /* Apple Pie.app */ = {isa = PBXFileReference; explicitFileType = wrapper.application; includeInIndex = 0; path = "Apple Pie.app"; sourceTree = BUILT_PRODUCTS_DIR; };
		18439C1D2253A36300FD85F1 /* AppDelegate.swift */ = {isa = PBXFileReference; lastKnownFileType = sourcecode.swift; path = AppDelegate.swift; sourceTree = "<group>"; };
		18439C1F2253A36300FD85F1 /* ViewController.swift */ = {isa = PBXFileReference; lastKnownFileType = sourcecode.swift; path = ViewController.swift; sourceTree = "<group>"; };
		18439C222253A36300FD85F1 /* Base */ = {isa = PBXFileReference; lastKnownFileType = file.storyboard; name = Base; path = Base.lproj/Main.storyboard; sourceTree = "<group>"; };
		18439C242253A36500FD85F1 /* Assets.xcassets */ = {isa = PBXFileReference; lastKnownFileType = folder.assetcatalog; path = Assets.xcassets; sourceTree = "<group>"; };
		18439C272253A36500FD85F1 /* Base */ = {isa = PBXFileReference; lastKnownFileType = file.storyboard; name = Base; path = Base.lproj/LaunchScreen.storyboard; sourceTree = "<group>"; };
		18439C292253A36500FD85F1 /* Info.plist */ = {isa = PBXFileReference; lastKnownFileType = text.plist.xml; path = Info.plist; sourceTree = "<group>"; };
		18439C2E2253A36500FD85F1 /* Apple PieTests.xctest */ = {isa = PBXFileReference; explicitFileType = wrapper.cfbundle; includeInIndex = 0; path = "Apple PieTests.xctest"; sourceTree = BUILT_PRODUCTS_DIR; };
		18439C322253A36500FD85F1 /* Apple_PieTests.swift */ = {isa = PBXFileReference; lastKnownFileType = sourcecode.swift; path = Apple_PieTests.swift; sourceTree = "<group>"; };
		18439C342253A36500FD85F1 /* Info.plist */ = {isa = PBXFileReference; lastKnownFileType = text.plist.xml; path = Info.plist; sourceTree = "<group>"; };
		18439C392253A36500FD85F1 /* Apple PieUITests.xctest */ = {isa = PBXFileReference; explicitFileType = wrapper.cfbundle; includeInIndex = 0; path = "Apple PieUITests.xctest"; sourceTree = BUILT_PRODUCTS_DIR; };
		18439C3D2253A36500FD85F1 /* Apple_PieUITests.swift */ = {isa = PBXFileReference; lastKnownFileType = sourcecode.swift; path = Apple_PieUITests.swift; sourceTree = "<group>"; };
		18439C3F2253A36500FD85F1 /* Info.plist */ = {isa = PBXFileReference; lastKnownFileType = text.plist.xml; path = Info.plist; sourceTree = "<group>"; };
		18AE23142257C82B00FF1B02 /* Game.swift */ = {isa = PBXFileReference; lastKnownFileType = sourcecode.swift; path = Game.swift; sourceTree = "<group>"; };
/* End PBXFileReference section */

/* Begin PBXFrameworksBuildPhase section */
		18439C172253A36300FD85F1 /* Frameworks */ = {
			isa = PBXFrameworksBuildPhase;
			buildActionMask = 2147483647;
			files = (
			);
			runOnlyForDeploymentPostprocessing = 0;
		};
		18439C2B2253A36500FD85F1 /* Frameworks */ = {
			isa = PBXFrameworksBuildPhase;
			buildActionMask = 2147483647;
			files = (
			);
			runOnlyForDeploymentPostprocessing = 0;
		};
		18439C362253A36500FD85F1 /* Frameworks */ = {
			isa = PBXFrameworksBuildPhase;
			buildActionMask = 2147483647;
			files = (
			);
			runOnlyForDeploymentPostprocessing = 0;
		};
/* End PBXFrameworksBuildPhase section */

/* Begin PBXGroup section */
		18439C112253A36300FD85F1 = {
			isa = PBXGroup;
			children = (
				18439C1C2253A36300FD85F1 /* Apple Pie */,
				18439C312253A36500FD85F1 /* Apple PieTests */,
				18439C3C2253A36500FD85F1 /* Apple PieUITests */,
				18439C1B2253A36300FD85F1 /* Products */,
			);
			sourceTree = "<group>";
		};
		18439C1B2253A36300FD85F1 /* Products */ = {
			isa = PBXGroup;
			children = (
				18439C1A2253A36300FD85F1 /* Apple Pie.app */,
				18439C2E2253A36500FD85F1 /* Apple PieTests.xctest */,
				18439C392253A36500FD85F1 /* Apple PieUITests.xctest */,
			);
			name = Products;
			sourceTree = "<group>";
		};
		18439C1C2253A36300FD85F1 /* Apple Pie */ = {
			isa = PBXGroup;
			children = (
				18439C1D2253A36300FD85F1 /* AppDelegate.swift */,
				18439C1F2253A36300FD85F1 /* ViewController.swift */,
				18439C212253A36300FD85F1 /* Main.storyboard */,
				18AE23142257C82B00FF1B02 /* Game.swift */,
				18439C242253A36500FD85F1 /* Assets.xcassets */,
				18439C262253A36500FD85F1 /* LaunchScreen.storyboard */,
				18439C292253A36500FD85F1 /* Info.plist */,
			);
			path = "Apple Pie";
			sourceTree = "<group>";
		};
		18439C312253A36500FD85F1 /* Apple PieTests */ = {
			isa = PBXGroup;
			children = (
				18439C322253A36500FD85F1 /* Apple_PieTests.swift */,
				18439C342253A36500FD85F1 /* Info.plist */,
			);
			path = "Apple PieTests";
			sourceTree = "<group>";
		};
		18439C3C2253A36500FD85F1 /* Apple PieUITests */ = {
			isa = PBXGroup;
			children = (
				18439C3D2253A36500FD85F1 /* Apple_PieUITests.swift */,
				18439C3F2253A36500FD85F1 /* Info.plist */,
			);
			path = "Apple PieUITests";
			sourceTree = "<group>";
		};
/* End PBXGroup section */

/* Begin PBXNativeTarget section */
		18439C192253A36300FD85F1 /* Apple Pie */ = {
			isa = PBXNativeTarget;
			buildConfigurationList = 18439C422253A36500FD85F1 /* Build configuration list for PBXNativeTarget "Apple Pie" */;
			buildPhases = (
				18439C162253A36300FD85F1 /* Sources */,
				18439C172253A36300FD85F1 /* Frameworks */,
				18439C182253A36300FD85F1 /* Resources */,
			);
			buildRules = (
			);
			dependencies = (
			);
			name = "Apple Pie";
			productName = "Apple Pie";
			productReference = 18439C1A2253A36300FD85F1 /* Apple Pie.app */;
			productType = "com.apple.product-type.application";
		};
		18439C2D2253A36500FD85F1 /* Apple PieTests */ = {
			isa = PBXNativeTarget;
			buildConfigurationList = 18439C452253A36500FD85F1 /* Build configuration list for PBXNativeTarget "Apple PieTests" */;
			buildPhases = (
				18439C2A2253A36500FD85F1 /* Sources */,
				18439C2B2253A36500FD85F1 /* Frameworks */,
				18439C2C2253A36500FD85F1 /* Resources */,
			);
			buildRules = (
			);
			dependencies = (
				18439C302253A36500FD85F1 /* PBXTargetDependency */,
			);
			name = "Apple PieTests";
			productName = "Apple PieTests";
			productReference = 18439C2E2253A36500FD85F1 /* Apple PieTests.xctest */;
			productType = "com.apple.product-type.bundle.unit-test";
		};
		18439C382253A36500FD85F1 /* Apple PieUITests */ = {
			isa = PBXNativeTarget;
			buildConfigurationList = 18439C482253A36500FD85F1 /* Build configuration list for PBXNativeTarget "Apple PieUITests" */;
			buildPhases = (
				18439C352253A36500FD85F1 /* Sources */,
				18439C362253A36500FD85F1 /* Frameworks */,
				18439C372253A36500FD85F1 /* Resources */,
			);
			buildRules = (
			);
			dependencies = (
				18439C3B2253A36500FD85F1 /* PBXTargetDependency */,
			);
			name = "Apple PieUITests";
			productName = "Apple PieUITests";
			productReference = 18439C392253A36500FD85F1 /* Apple PieUITests.xctest */;
			productType = "com.apple.product-type.bundle.ui-testing";
		};
/* End PBXNativeTarget section */

/* Begin PBXProject section */
		18439C122253A36300FD85F1 /* Project object */ = {
			isa = PBXProject;
			attributes = {
				LastSwiftUpdateCheck = 1010;
				LastUpgradeCheck = 1010;
				ORGANIZATIONNAME = Yerim;
				TargetAttributes = {
					18439C192253A36300FD85F1 = {
						CreatedOnToolsVersion = 10.1;
					};
					18439C2D2253A36500FD85F1 = {
						CreatedOnToolsVersion = 10.1;
						TestTargetID = 18439C192253A36300FD85F1;
					};
					18439C382253A36500FD85F1 = {
						CreatedOnToolsVersion = 10.1;
						TestTargetID = 18439C192253A36300FD85F1;
					};
				};
			};
			buildConfigurationList = 18439C152253A36300FD85F1 /* Build configuration list for PBXProject "Apple Pie" */;
			compatibilityVersion = "Xcode 9.3";
			developmentRegion = en;
			hasScannedForEncodings = 0;
			knownRegions = (
				en,
				Base,
			);
			mainGroup = 18439C112253A36300FD85F1;
			productRefGroup = 18439C1B2253A36300FD85F1 /* Products */;
			projectDirPath = "";
			projectRoot = "";
			targets = (
				18439C192253A36300FD85F1 /* Apple Pie */,
				18439C2D2253A36500FD85F1 /* Apple PieTests */,
				18439C382253A36500FD85F1 /* Apple PieUITests */,
			);
		};
/* End PBXProject section */

/* Begin PBXResourcesBuildPhase section */
		18439C182253A36300FD85F1 /* Resources */ = {
			isa = PBXResourcesBuildPhase;
			buildActionMask = 2147483647;
			files = (
				18439C282253A36500FD85F1 /* LaunchScreen.storyboard in Resources */,
				18439C252253A36500FD85F1 /* Assets.xcassets in Resources */,
				18439C232253A36300FD85F1 /* Main.storyboard in Resources */,
			);
			runOnlyForDeploymentPostprocessing = 0;
		};
		18439C2C2253A36500FD85F1 /* Resources */ = {
			isa = PBXResourcesBuildPhase;
			buildActionMask = 2147483647;
			files = (
			);
			runOnlyForDeploymentPostprocessing = 0;
		};
		18439C372253A36500FD85F1 /* Resources */ = {
			isa = PBXResourcesBuildPhase;
			buildActionMask = 2147483647;
			files = (
			);
			runOnlyForDeploymentPostprocessing = 0;
		};
/* End PBXResourcesBuildPhase section */

/* Begin PBXSourcesBuildPhase section */
		18439C162253A36300FD85F1 /* Sources */ = {
			isa = PBXSourcesBuildPhase;
			buildActionMask = 2147483647;
			files = (
				18439C202253A36300FD85F1 /* ViewController.swift in Sources */,
				18AE23152257C82B00FF1B02 /* Game.swift in Sources */,
				18439C1E2253A36300FD85F1 /* AppDelegate.swift in Sources */,
			);
			runOnlyForDeploymentPostprocessing = 0;
		};
		18439C2A2253A36500FD85F1 /* Sources */ = {
			isa = PBXSourcesBuildPhase;
			buildActionMask = 2147483647;
			files = (
				18439C332253A36500FD85F1 /* Apple_PieTests.swift in Sources */,
			);
			runOnlyForDeploymentPostprocessing = 0;
		};
		18439C352253A36500FD85F1 /* Sources */ = {
			isa = PBXSourcesBuildPhase;
			buildActionMask = 2147483647;
			files = (
				18439C3E2253A36500FD85F1 /* Apple_PieUITests.swift in Sources */,
			);
			runOnlyForDeploymentPostprocessing = 0;
		};
/* End PBXSourcesBuildPhase section */

/* Begin PBXTargetDependency section */
		18439C302253A36500FD85F1 /* PBXTargetDependency */ = {
			isa = PBXTargetDependency;
			target = 18439C192253A36300FD85F1 /* Apple Pie */;
			targetProxy = 18439C2F2253A36500FD85F1 /* PBXContainerItemProxy */;
		};
		18439C3B2253A36500FD85F1 /* PBXTargetDependency */ = {
			isa = PBXTargetDependency;
			target = 18439C192253A36300FD85F1 /* Apple Pie */;
			targetProxy = 18439C3A2253A36500FD85F1 /* PBXContainerItemProxy */;
		};
/* End PBXTargetDependency section */

/* Begin PBXVariantGroup section */
		18439C212253A36300FD85F1 /* Main.storyboard */ = {
			isa = PBXVariantGroup;
			children = (
				18439C222253A36300FD85F1 /* Base */,
			);
			name = Main.storyboard;
			sourceTree = "<group>";
		};
		18439C262253A36500FD85F1 /* LaunchScreen.storyboard */ = {
			isa = PBXVariantGroup;
			children = (
				18439C272253A36500FD85F1 /* Base */,
			);
			name = LaunchScreen.storyboard;
			sourceTree = "<group>";
		};
/* End PBXVariantGroup section */

/* Begin XCBuildConfiguration section */
		18439C402253A36500FD85F1 /* Debug */ = {
			isa = XCBuildConfiguration;
			buildSettings = {
				ALWAYS_SEARCH_USER_PATHS = NO;
				CLANG_ANALYZER_NONNULL = YES;
				CLANG_ANALYZER_NUMBER_OBJECT_CONVERSION = YES_AGGRESSIVE;
				CLANG_CXX_LANGUAGE_STANDARD = "gnu++14";
				CLANG_CXX_LIBRARY = "libc++";
				CLANG_ENABLE_MODULES = YES;
				CLANG_ENABLE_OBJC_ARC = YES;
				CLANG_ENABLE_OBJC_WEAK = YES;
				CLANG_WARN_BLOCK_CAPTURE_AUTORELEASING = YES;
				CLANG_WARN_BOOL_CONVERSION = YES;
				CLANG_WARN_COMMA = YES;
				CLANG_WARN_CONSTANT_CONVERSION = YES;
				CLANG_WARN_DEPRECATED_OBJC_IMPLEMENTATIONS = YES;
				CLANG_WARN_DIRECT_OBJC_ISA_USAGE = YES_ERROR;
				CLANG_WARN_DOCUMENTATION_COMMENTS = YES;
				CLANG_WARN_EMPTY_BODY = YES;
				CLANG_WARN_ENUM_CONVERSION = YES;
				CLANG_WARN_INFINITE_RECURSION = YES;
				CLANG_WARN_INT_CONVERSION = YES;
				CLANG_WARN_NON_LITERAL_NULL_CONVERSION = YES;
				CLANG_WARN_OBJC_IMPLICIT_RETAIN_SELF = YES;
				CLANG_WARN_OBJC_LITERAL_CONVERSION = YES;
				CLANG_WARN_OBJC_ROOT_CLASS = YES_ERROR;
				CLANG_WARN_RANGE_LOOP_ANALYSIS = YES;
				CLANG_WARN_STRICT_PROTOTYPES = YES;
				CLANG_WARN_SUSPICIOUS_MOVE = YES;
				CLANG_WARN_UNGUARDED_AVAILABILITY = YES_AGGRESSIVE;
				CLANG_WARN_UNREACHABLE_CODE = YES;
				CLANG_WARN__DUPLICATE_METHOD_MATCH = YES;
				CODE_SIGN_IDENTITY = "iPhone Developer";
				COPY_PHASE_STRIP = NO;
				DEBUG_INFORMATION_FORMAT = dwarf;
				ENABLE_STRICT_OBJC_MSGSEND = YES;
				ENABLE_TESTABILITY = YES;
				GCC_C_LANGUAGE_STANDARD = gnu11;
				GCC_DYNAMIC_NO_PIC = NO;
				GCC_NO_COMMON_BLOCKS = YES;
				GCC_OPTIMIZATION_LEVEL = 0;
				GCC_PREPROCESSOR_DEFINITIONS = (
					"DEBUG=1",
					"$(inherited)",
				);
				GCC_WARN_64_TO_32_BIT_CONVERSION = YES;
				GCC_WARN_ABOUT_RETURN_TYPE = YES_ERROR;
				GCC_WARN_UNDECLARED_SELECTOR = YES;
				GCC_WARN_UNINITIALIZED_AUTOS = YES_AGGRESSIVE;
				GCC_WARN_UNUSED_FUNCTION = YES;
				GCC_WARN_UNUSED_VARIABLE = YES;
				IPHONEOS_DEPLOYMENT_TARGET = 12.1;
				MTL_ENABLE_DEBUG_INFO = INCLUDE_SOURCE;
				MTL_FAST_MATH = YES;
				ONLY_ACTIVE_ARCH = YES;
				SDKROOT = iphoneos;
				SWIFT_ACTIVE_COMPILATION_CONDITIONS = DEBUG;
				SWIFT_OPTIMIZATION_LEVEL = "-Onone";
			};
			name = Debug;
		};
		18439C412253A36500FD85F1 /* Release */ = {
			isa = XCBuildConfiguration;
			buildSettings = {
				ALWAYS_SEARCH_USER_PATHS = NO;
				CLANG_ANALYZER_NONNULL = YES;
				CLANG_ANALYZER_NUMBER_OBJECT_CONVERSION = YES_AGGRESSIVE;
				CLANG_CXX_LANGUAGE_STANDARD = "gnu++14";
				CLANG_CXX_LIBRARY = "libc++";
				CLANG_ENABLE_MODULES = YES;
				CLANG_ENABLE_OBJC_ARC = YES;
				CLANG_ENABLE_OBJC_WEAK = YES;
				CLANG_WARN_BLOCK_CAPTURE_AUTORELEASING = YES;
				CLANG_WARN_BOOL_CONVERSION = YES;
				CLANG_WARN_COMMA = YES;
				CLANG_WARN_CONSTANT_CONVERSION = YES;
				CLANG_WARN_DEPRECATED_OBJC_IMPLEMENTATIONS = YES;
				CLANG_WARN_DIRECT_OBJC_ISA_USAGE = YES_ERROR;
				CLANG_WARN_DOCUMENTATION_COMMENTS = YES;
				CLANG_WARN_EMPTY_BODY = YES;
				CLANG_WARN_ENUM_CONVERSION = YES;
				CLANG_WARN_INFINITE_RECURSION = YES;
				CLANG_WARN_INT_CONVERSION = YES;
				CLANG_WARN_NON_LITERAL_NULL_CONVERSION = YES;
				CLANG_WARN_OBJC_IMPLICIT_RETAIN_SELF = YES;
				CLANG_WARN_OBJC_LITERAL_CONVERSION = YES;
				CLANG_WARN_OBJC_ROOT_CLASS = YES_ERROR;
				CLANG_WARN_RANGE_LOOP_ANALYSIS = YES;
				CLANG_WARN_STRICT_PROTOTYPES = YES;
				CLANG_WARN_SUSPICIOUS_MOVE = YES;
				CLANG_WARN_UNGUARDED_AVAILABILITY = YES_AGGRESSIVE;
				CLANG_WARN_UNREACHABLE_CODE = YES;
				CLANG_WARN__DUPLICATE_METHOD_MATCH = YES;
				CODE_SIGN_IDENTITY = "iPhone Developer";
				COPY_PHASE_STRIP = NO;
				DEBUG_INFORMATION_FORMAT = "dwarf-with-dsym";
				ENABLE_NS_ASSERTIONS = NO;
				ENABLE_STRICT_OBJC_MSGSEND = YES;
				GCC_C_LANGUAGE_STANDARD = gnu11;
				GCC_NO_COMMON_BLOCKS = YES;
				GCC_WARN_64_TO_32_BIT_CONVERSION = YES;
				GCC_WARN_ABOUT_RETURN_TYPE = YES_ERROR;
				GCC_WARN_UNDECLARED_SELECTOR = YES;
				GCC_WARN_UNINITIALIZED_AUTOS = YES_AGGRESSIVE;
				GCC_WARN_UNUSED_FUNCTION = YES;
				GCC_WARN_UNUSED_VARIABLE = YES;
				IPHONEOS_DEPLOYMENT_TARGET = 12.1;
				MTL_ENABLE_DEBUG_INFO = NO;
				MTL_FAST_MATH = YES;
				SDKROOT = iphoneos;
				SWIFT_COMPILATION_MODE = wholemodule;
				SWIFT_OPTIMIZATION_LEVEL = "-O";
				VALIDATE_PRODUCT = YES;
			};
			name = Release;
		};
		18439C432253A36500FD85F1 /* Debug */ = {
			isa = XCBuildConfiguration;
			buildSettings = {
				ASSETCATALOG_COMPILER_APPICON_NAME = AppIcon;
				CODE_SIGN_STYLE = Automatic;
				INFOPLIST_FILE = "Apple Pie/Info.plist";
				LD_RUNPATH_SEARCH_PATHS = (
					"$(inherited)",
					"@executable_path/Frameworks",
				);
				PRODUCT_BUNDLE_IDENTIFIER = "org.ssfs.Apple-Pie";
				PRODUCT_NAME = "$(TARGET_NAME)";
				SWIFT_VERSION = 4.2;
				TARGETED_DEVICE_FAMILY = 2;
			};
			name = Debug;
		};
		18439C442253A36500FD85F1 /* Release */ = {
			isa = XCBuildConfiguration;
			buildSettings = {
				ASSETCATALOG_COMPILER_APPICON_NAME = AppIcon;
				CODE_SIGN_STYLE = Automatic;
				INFOPLIST_FILE = "Apple Pie/Info.plist";
				LD_RUNPATH_SEARCH_PATHS = (
					"$(inherited)",
					"@executable_path/Frameworks",
				);
				PRODUCT_BUNDLE_IDENTIFIER = "org.ssfs.Apple-Pie";
				PRODUCT_NAME = "$(TARGET_NAME)";
				SWIFT_VERSION = 4.2;
				TARGETED_DEVICE_FAMILY = 2;
			};
			name = Release;
		};
		18439C462253A36500FD85F1 /* Debug */ = {
			isa = XCBuildConfiguration;
			buildSettings = {
				ALWAYS_EMBED_SWIFT_STANDARD_LIBRARIES = YES;
				BUNDLE_LOADER = "$(TEST_HOST)";
				CODE_SIGN_STYLE = Automatic;
				INFOPLIST_FILE = "Apple PieTests/Info.plist";
				LD_RUNPATH_SEARCH_PATHS = (
					"$(inherited)",
					"@executable_path/Frameworks",
					"@loader_path/Frameworks",
				);
				PRODUCT_BUNDLE_IDENTIFIER = "org.ssfs.Apple-PieTests";
				PRODUCT_NAME = "$(TARGET_NAME)";
				SWIFT_VERSION = 4.2;
				TARGETED_DEVICE_FAMILY = "1,2";
				TEST_HOST = "$(BUILT_PRODUCTS_DIR)/Apple Pie.app/Apple Pie";
			};
			name = Debug;
		};
		18439C472253A36500FD85F1 /* Release */ = {
			isa = XCBuildConfiguration;
			buildSettings = {
				ALWAYS_EMBED_SWIFT_STANDARD_LIBRARIES = YES;
				BUNDLE_LOADER = "$(TEST_HOST)";
				CODE_SIGN_STYLE = Automatic;
				INFOPLIST_FILE = "Apple PieTests/Info.plist";
				LD_RUNPATH_SEARCH_PATHS = (
					"$(inherited)",
					"@executable_path/Frameworks",
					"@loader_path/Frameworks",
				);
				PRODUCT_BUNDLE_IDENTIFIER = "org.ssfs.Apple-PieTests";
				PRODUCT_NAME = "$(TARGET_NAME)";
				SWIFT_VERSION = 4.2;
				TARGETED_DEVICE_FAMILY = "1,2";
				TEST_HOST = "$(BUILT_PRODUCTS_DIR)/Apple Pie.app/Apple Pie";
			};
			name = Release;
		};
		18439C492253A36500FD85F1 /* Debug */ = {
			isa = XCBuildConfiguration;
			buildSettings = {
				ALWAYS_EMBED_SWIFT_STANDARD_LIBRARIES = YES;
				CODE_SIGN_STYLE = Automatic;
				INFOPLIST_FILE = "Apple PieUITests/Info.plist";
				LD_RUNPATH_SEARCH_PATHS = (
					"$(inherited)",
					"@executable_path/Frameworks",
					"@loader_path/Frameworks",
				);
				PRODUCT_BUNDLE_IDENTIFIER = "org.ssfs.Apple-PieUITests";
				PRODUCT_NAME = "$(TARGET_NAME)";
				SWIFT_VERSION = 4.2;
				TARGETED_DEVICE_FAMILY = "1,2";
				TEST_TARGET_NAME = "Apple Pie";
			};
			name = Debug;
		};
		18439C4A2253A36500FD85F1 /* Release */ = {
			isa = XCBuildConfiguration;
			buildSettings = {
				ALWAYS_EMBED_SWIFT_STANDARD_LIBRARIES = YES;
				CODE_SIGN_STYLE = Automatic;
				INFOPLIST_FILE = "Apple PieUITests/Info.plist";
				LD_RUNPATH_SEARCH_PATHS = (
					"$(inherited)",
					"@executable_path/Frameworks",
					"@loader_path/Frameworks",
				);
				PRODUCT_BUNDLE_IDENTIFIER = "org.ssfs.Apple-PieUITests";
				PRODUCT_NAME = "$(TARGET_NAME)";
				SWIFT_VERSION = 4.2;
				TARGETED_DEVICE_FAMILY = "1,2";
				TEST_TARGET_NAME = "Apple Pie";
			};
			name = Release;
		};
/* End XCBuildConfiguration section */

/* Begin XCConfigurationList section */
		18439C152253A36300FD85F1 /* Build configuration list for PBXProject "Apple Pie" */ = {
			isa = XCConfigurationList;
			buildConfigurations = (
				18439C402253A36500FD85F1 /* Debug */,
				18439C412253A36500FD85F1 /* Release */,
			);
			defaultConfigurationIsVisible = 0;
			defaultConfigurationName = Release;
		};
		18439C422253A36500FD85F1 /* Build configuration list for PBXNativeTarget "Apple Pie" */ = {
			isa = XCConfigurationList;
			buildConfigurations = (
				18439C432253A36500FD85F1 /* Debug */,
				18439C442253A36500FD85F1 /* Release */,
			);
			defaultConfigurationIsVisible = 0;
			defaultConfigurationName = Release;
		};
		18439C452253A36500FD85F1 /* Build configuration list for PBXNativeTarget "Apple PieTests" */ = {
			isa = XCConfigurationList;
			buildConfigurations = (
				18439C462253A36500FD85F1 /* Debug */,
				18439C472253A36500FD85F1 /* Release */,
			);
			defaultConfigurationIsVisible = 0;
			defaultConfigurationName = Release;
		};
		18439C482253A36500FD85F1 /* Build configuration list for PBXNativeTarget "Apple PieUITests" */ = {
			isa = XCConfigurationList;
			buildConfigurations = (
				18439C492253A36500FD85F1 /* Debug */,
				18439C4A2253A36500FD85F1 /* Release */,
			);
			defaultConfigurationIsVisible = 0;
			defaultConfigurationName = Release;
		};
/* End XCConfigurationList section */
	};
	rootObject = 18439C122253A36300FD85F1 /* Project object */;
}
